// !$*UTF8*$!
{
	archiveVersion = 1;
	classes = {
	};
	objectVersion = 50;
	objects = {

/* Begin PBXBuildFile section */
		0AD686EE20EC0C4E001644B0 /* AppDelegate.swift in Sources */ = {isa = PBXBuildFile; fileRef = 0AD686ED20EC0C4E001644B0 /* AppDelegate.swift */; };
		0AD686F020EC0C4E001644B0 /* ViewController.swift in Sources */ = {isa = PBXBuildFile; fileRef = 0AD686EF20EC0C4E001644B0 /* ViewController.swift */; };
		0AD686F320EC0C4E001644B0 /* Main.storyboard in Resources */ = {isa = PBXBuildFile; fileRef = 0AD686F120EC0C4E001644B0 /* Main.storyboard */; };
		0AD686F520EC0C4F001644B0 /* Assets.xcassets in Resources */ = {isa = PBXBuildFile; fileRef = 0AD686F420EC0C4F001644B0 /* Assets.xcassets */; };
		0AD686F820EC0C4F001644B0 /* LaunchScreen.storyboard in Resources */ = {isa = PBXBuildFile; fileRef = 0AD686F620EC0C4F001644B0 /* LaunchScreen.storyboard */; };
		0AD6870320EC0C4F001644B0 /* MatrixSolverTests.swift in Sources */ = {isa = PBXBuildFile; fileRef = 0AD6870220EC0C4F001644B0 /* MatrixSolverTests.swift */; };
/* End PBXBuildFile section */

/* Begin PBXContainerItemProxy section */
		0AD686FF20EC0C4F001644B0 /* PBXContainerItemProxy */ = {
			isa = PBXContainerItemProxy;
			containerPortal = 0AD686E220EC0C4E001644B0 /* Project object */;
			proxyType = 1;
			remoteGlobalIDString = 0AD686E920EC0C4E001644B0;
			remoteInfo = MatrixSolver;
		};
/* End PBXContainerItemProxy section */

/* Begin PBXFileReference section */
		0AD686EA20EC0C4E001644B0 /* MatrixSolver.app */ = {isa = PBXFileReference; explicitFileType = wrapper.application; includeInIndex = 0; path = MatrixSolver.app; sourceTree = BUILT_PRODUCTS_DIR; };
		0AD686ED20EC0C4E001644B0 /* AppDelegate.swift */ = {isa = PBXFileReference; lastKnownFileType = sourcecode.swift; path = AppDelegate.swift; sourceTree = "<group>"; };
		0AD686EF20EC0C4E001644B0 /* ViewController.swift */ = {isa = PBXFileReference; lastKnownFileType = sourcecode.swift; path = ViewController.swift; sourceTree = "<group>"; };
		0AD686F220EC0C4E001644B0 /* Base */ = {isa = PBXFileReference; lastKnownFileType = file.storyboard; name = Base; path = Base.lproj/Main.storyboard; sourceTree = "<group>"; };
		0AD686F420EC0C4F001644B0 /* Assets.xcassets */ = {isa = PBXFileReference; lastKnownFileType = folder.assetcatalog; path = Assets.xcassets; sourceTree = "<group>"; };
		0AD686F720EC0C4F001644B0 /* Base */ = {isa = PBXFileReference; lastKnownFileType = file.storyboard; name = Base; path = Base.lproj/LaunchScreen.storyboard; sourceTree = "<group>"; };
		0AD686F920EC0C4F001644B0 /* Info.plist */ = {isa = PBXFileReference; lastKnownFileType = text.plist.xml; path = Info.plist; sourceTree = "<group>"; };
		0AD686FE20EC0C4F001644B0 /* MatrixSolverTests.xctest */ = {isa = PBXFileReference; explicitFileType = wrapper.cfbundle; includeInIndex = 0; path = MatrixSolverTests.xctest; sourceTree = BUILT_PRODUCTS_DIR; };
		0AD6870220EC0C4F001644B0 /* MatrixSolverTests.swift */ = {isa = PBXFileReference; lastKnownFileType = sourcecode.swift; path = MatrixSolverTests.swift; sourceTree = "<group>"; };
		0AD6870420EC0C4F001644B0 /* Info.plist */ = {isa = PBXFileReference; lastKnownFileType = text.plist.xml; path = Info.plist; sourceTree = "<group>"; };
/* End PBXFileReference section */

/* Begin PBXFrameworksBuildPhase section */
		0AD686E720EC0C4E001644B0 /* Frameworks */ = {
			isa = PBXFrameworksBuildPhase;
			buildActionMask = 2147483647;
			files = (
			);
			runOnlyForDeploymentPostprocessing = 0;
		};
		0AD686FB20EC0C4F001644B0 /* Frameworks */ = {
			isa = PBXFrameworksBuildPhase;
			buildActionMask = 2147483647;
			files = (
			);
			runOnlyForDeploymentPostprocessing = 0;
		};
/* End PBXFrameworksBuildPhase section */

/* Begin PBXGroup section */
		0AD686E120EC0C4E001644B0 = {
			isa = PBXGroup;
			children = (
				0AD686EC20EC0C4E001644B0 /* MatrixSolver */,
				0AD6870120EC0C4F001644B0 /* MatrixSolverTests */,
				0AD686EB20EC0C4E001644B0 /* Products */,
			);
			sourceTree = "<group>";
		};
		0AD686EB20EC0C4E001644B0 /* Products */ = {
			isa = PBXGroup;
			children = (
				0AD686EA20EC0C4E001644B0 /* MatrixSolver.app */,
				0AD686FE20EC0C4F001644B0 /* MatrixSolverTests.xctest */,
			);
			name = Products;
			sourceTree = "<group>";
		};
		0AD686EC20EC0C4E001644B0 /* MatrixSolver */ = {
			isa = PBXGroup;
			children = (
				0AD686ED20EC0C4E001644B0 /* AppDelegate.swift */,
				0AD686EF20EC0C4E001644B0 /* ViewController.swift */,
				0AD686F120EC0C4E001644B0 /* Main.storyboard */,
				0AD686F420EC0C4F001644B0 /* Assets.xcassets */,
				0AD686F620EC0C4F001644B0 /* LaunchScreen.storyboard */,
				0AD686F920EC0C4F001644B0 /* Info.plist */,
			);
			path = MatrixSolver;
			sourceTree = "<group>";
		};
		0AD6870120EC0C4F001644B0 /* MatrixSolverTests */ = {
			isa = PBXGroup;
			children = (
				0AD6870220EC0C4F001644B0 /* MatrixSolverTests.swift */,
				0AD6870420EC0C4F001644B0 /* Info.plist */,
			);
			path = MatrixSolverTests;
			sourceTree = "<group>";
		};
/* End PBXGroup section */

/* Begin PBXNativeTarget section */
		0AD686E920EC0C4E001644B0 /* MatrixSolver */ = {
			isa = PBXNativeTarget;
			buildConfigurationList = 0AD6870720EC0C4F001644B0 /* Build configuration list for PBXNativeTarget "MatrixSolver" */;
			buildPhases = (
				0AD686E620EC0C4E001644B0 /* Sources */,
				0AD686E720EC0C4E001644B0 /* Frameworks */,
				0AD686E820EC0C4E001644B0 /* Resources */,
			);
			buildRules = (
			);
			dependencies = (
			);
			name = MatrixSolver;
			productName = MatrixSolver;
			productReference = 0AD686EA20EC0C4E001644B0 /* MatrixSolver.app */;
			productType = "com.apple.product-type.application";
		};
		0AD686FD20EC0C4F001644B0 /* MatrixSolverTests */ = {
			isa = PBXNativeTarget;
			buildConfigurationList = 0AD6870A20EC0C4F001644B0 /* Build configuration list for PBXNativeTarget "MatrixSolverTests" */;
			buildPhases = (
				0AD686FA20EC0C4F001644B0 /* Sources */,
				0AD686FB20EC0C4F001644B0 /* Frameworks */,
				0AD686FC20EC0C4F001644B0 /* Resources */,
			);
			buildRules = (
			);
			dependencies = (
				0AD6870020EC0C4F001644B0 /* PBXTargetDependency */,
			);
			name = MatrixSolverTests;
			productName = MatrixSolverTests;
			productReference = 0AD686FE20EC0C4F001644B0 /* MatrixSolverTests.xctest */;
			productType = "com.apple.product-type.bundle.unit-test";
		};
/* End PBXNativeTarget section */

/* Begin PBXProject section */
		0AD686E220EC0C4E001644B0 /* Project object */ = {
			isa = PBXProject;
			attributes = {
				LastSwiftUpdateCheck = 0940;
				LastUpgradeCheck = 0940;
				ORGANIZATIONNAME = "Matthew Harries";
				TargetAttributes = {
					0AD686E920EC0C4E001644B0 = {
						CreatedOnToolsVersion = 9.4.1;
					};
					0AD686FD20EC0C4F001644B0 = {
						CreatedOnToolsVersion = 9.4.1;
						TestTargetID = 0AD686E920EC0C4E001644B0;
					};
				};
			};
			buildConfigurationList = 0AD686E520EC0C4E001644B0 /* Build configuration list for PBXProject "MatrixSolver" */;
			compatibilityVersion = "Xcode 9.3";
			developmentRegion = en;
			hasScannedForEncodings = 0;
			knownRegions = (
				en,
				Base,
			);
			mainGroup = 0AD686E120EC0C4E001644B0;
			productRefGroup = 0AD686EB20EC0C4E001644B0 /* Products */;
			projectDirPath = "";
			projectRoot = "";
			targets = (
				0AD686E920EC0C4E001644B0 /* MatrixSolver */,
				0AD686FD20EC0C4F001644B0 /* MatrixSolverTests */,
			);
		};
/* End PBXProject section */

/* Begin PBXResourcesBuildPhase section */
		0AD686E820EC0C4E001644B0 /* Resources */ = {
			isa = PBXResourcesBuildPhase;
			buildActionMask = 2147483647;
			files = (
				0AD686F820EC0C4F001644B0 /* LaunchScreen.storyboard in Resources */,
				0AD686F520EC0C4F001644B0 /* Assets.xcassets in Resources */,
				0AD686F320EC0C4E001644B0 /* Main.storyboard in Resources */,
			);
			runOnlyForDeploymentPostprocessing = 0;
		};
		0AD686FC20EC0C4F001644B0 /* Resources */ = {
			isa = PBXResourcesBuildPhase;
			buildActionMask = 2147483647;
			files = (
			);
			runOnlyForDeploymentPostprocessing = 0;
		};
/* End PBXResourcesBuildPhase section */

/* Begin PBXSourcesBuildPhase section */
		0AD686E620EC0C4E001644B0 /* Sources */ = {
			isa = PBXSourcesBuildPhase;
			buildActionMask = 2147483647;
			files = (
				0AD686F020EC0C4E001644B0 /* ViewController.swift in Sources */,
				0AD686EE20EC0C4E001644B0 /* AppDelegate.swift in Sources */,
			);
			runOnlyForDeploymentPostprocessing = 0;
		};
		0AD686FA20EC0C4F001644B0 /* Sources */ = {
			isa = PBXSourcesBuildPhase;
			buildActionMask = 2147483647;
			files = (
				0AD6870320EC0C4F001644B0 /* MatrixSolverTests.swift in Sources */,
			);
			runOnlyForDeploymentPostprocessing = 0;
		};
/* End PBXSourcesBuildPhase section */

/* Begin PBXTargetDependency section */
		0AD6870020EC0C4F001644B0 /* PBXTargetDependency */ = {
			isa = PBXTargetDependency;
			target = 0AD686E920EC0C4E001644B0 /* MatrixSolver */;
			targetProxy = 0AD686FF20EC0C4F001644B0 /* PBXContainerItemProxy */;
		};
/* End PBXTargetDependency section */

/* Begin PBXVariantGroup section */
		0AD686F120EC0C4E001644B0 /* Main.storyboard */ = {
			isa = PBXVariantGroup;
			children = (
				0AD686F220EC0C4E001644B0 /* Base */,
			);
			name = Main.storyboard;
			sourceTree = "<group>";
		};
		0AD686F620EC0C4F001644B0 /* LaunchScreen.storyboard */ = {
			isa = PBXVariantGroup;
			children = (
				0AD686F720EC0C4F001644B0 /* Base */,
			);
			name = LaunchScreen.storyboard;
			sourceTree = "<group>";
		};
/* End PBXVariantGroup section */

/* Begin XCBuildConfiguration section */
		0AD6870520EC0C4F001644B0 /* Debug */ = {
			isa = XCBuildConfiguration;
			buildSettings = {
				ALWAYS_SEARCH_USER_PATHS = NO;
				CLANG_ANALYZER_NONNULL = YES;
				CLANG_ANALYZER_NUMBER_OBJECT_CONVERSION = YES_AGGRESSIVE;
				CLANG_CXX_LANGUAGE_STANDARD = "gnu++14";
				CLANG_CXX_LIBRARY = "libc++";
				CLANG_ENABLE_MODULES = YES;
				CLANG_ENABLE_OBJC_ARC = YES;
				CLANG_ENABLE_OBJC_WEAK = YES;
				CLANG_WARN_BLOCK_CAPTURE_AUTORELEASING = YES;
				CLANG_WARN_BOOL_CONVERSION = YES;
				CLANG_WARN_COMMA = YES;
				CLANG_WARN_CONSTANT_CONVERSION = YES;
				CLANG_WARN_DEPRECATED_OBJC_IMPLEMENTATIONS = YES;
				CLANG_WARN_DIRECT_OBJC_ISA_USAGE = YES_ERROR;
				CLANG_WARN_DOCUMENTATION_COMMENTS = YES;
				CLANG_WARN_EMPTY_BODY = YES;
				CLANG_WARN_ENUM_CONVERSION = YES;
				CLANG_WARN_INFINITE_RECURSION = YES;
				CLANG_WARN_INT_CONVERSION = YES;
				CLANG_WARN_NON_LITERAL_NULL_CONVERSION = YES;
				CLANG_WARN_OBJC_IMPLICIT_RETAIN_SELF = YES;
				CLANG_WARN_OBJC_LITERAL_CONVERSION = YES;
				CLANG_WARN_OBJC_ROOT_CLASS = YES_ERROR;
				CLANG_WARN_RANGE_LOOP_ANALYSIS = YES;
				CLANG_WARN_STRICT_PROTOTYPES = YES;
				CLANG_WARN_SUSPICIOUS_MOVE = YES;
				CLANG_WARN_UNGUARDED_AVAILABILITY = YES_AGGRESSIVE;
				CLANG_WARN_UNREACHABLE_CODE = YES;
				CLANG_WARN__DUPLICATE_METHOD_MATCH = YES;
				CODE_SIGN_IDENTITY = "iPhone Developer";
				COPY_PHASE_STRIP = NO;
				DEBUG_INFORMATION_FORMAT = dwarf;
				ENABLE_STRICT_OBJC_MSGSEND = YES;
				ENABLE_TESTABILITY = YES;
				GCC_C_LANGUAGE_STANDARD = gnu11;
				GCC_DYNAMIC_NO_PIC = NO;
				GCC_NO_COMMON_BLOCKS = YES;
				GCC_OPTIMIZATION_LEVEL = 0;
				GCC_PREPROCESSOR_DEFINITIONS = (
					"DEBUG=1",
					"$(inherited)",
				);
				GCC_WARN_64_TO_32_BIT_CONVERSION = YES;
				GCC_WARN_ABOUT_RETURN_TYPE = YES_ERROR;
				GCC_WARN_UNDECLARED_SELECTOR = YES;
				GCC_WARN_UNINITIALIZED_AUTOS = YES_AGGRESSIVE;
				GCC_WARN_UNUSED_FUNCTION = YES;
				GCC_WARN_UNUSED_VARIABLE = YES;
				IPHONEOS_DEPLOYMENT_TARGET = 11.4;
				MTL_ENABLE_DEBUG_INFO = YES;
				ONLY_ACTIVE_ARCH = YES;
				SDKROOT = iphoneos;
				SWIFT_ACTIVE_COMPILATION_CONDITIONS = DEBUG;
				SWIFT_OPTIMIZATION_LEVEL = "-Onone";
			};
			name = Debug;
		};
		0AD6870620EC0C4F001644B0 /* Release */ = {
			isa = XCBuildConfiguration;
			buildSettings = {
				ALWAYS_SEARCH_USER_PATHS = NO;
				CLANG_ANALYZER_NONNULL = YES;
				CLANG_ANALYZER_NUMBER_OBJECT_CONVERSION = YES_AGGRESSIVE;
				CLANG_CXX_LANGUAGE_STANDARD = "gnu++14";
				CLANG_CXX_LIBRARY = "libc++";
				CLANG_ENABLE_MODULES = YES;
				CLANG_ENABLE_OBJC_ARC = YES;
				CLANG_ENABLE_OBJC_WEAK = YES;
				CLANG_WARN_BLOCK_CAPTURE_AUTORELEASING = YES;
				CLANG_WARN_BOOL_CONVERSION = YES;
				CLANG_WARN_COMMA = YES;
				CLANG_WARN_CONSTANT_CONVERSION = YES;
				CLANG_WARN_DEPRECATED_OBJC_IMPLEMENTATIONS = YES;
				CLANG_WARN_DIRECT_OBJC_ISA_USAGE = YES_ERROR;
				CLANG_WARN_DOCUMENTATION_COMMENTS = YES;
				CLANG_WARN_EMPTY_BODY = YES;
				CLANG_WARN_ENUM_CONVERSION = YES;
				CLANG_WARN_INFINITE_RECURSION = YES;
				CLANG_WARN_INT_CONVERSION = YES;
				CLANG_WARN_NON_LITERAL_NULL_CONVERSION = YES;
				CLANG_WARN_OBJC_IMPLICIT_RETAIN_SELF = YES;
				CLANG_WARN_OBJC_LITERAL_CONVERSION = YES;
				CLANG_WARN_OBJC_ROOT_CLASS = YES_ERROR;
				CLANG_WARN_RANGE_LOOP_ANALYSIS = YES;
				CLANG_WARN_STRICT_PROTOTYPES = YES;
				CLANG_WARN_SUSPICIOUS_MOVE = YES;
				CLANG_WARN_UNGUARDED_AVAILABILITY = YES_AGGRESSIVE;
				CLANG_WARN_UNREACHABLE_CODE = YES;
				CLANG_WARN__DUPLICATE_METHOD_MATCH = YES;
				CODE_SIGN_IDENTITY = "iPhone Developer";
				COPY_PHASE_STRIP = NO;
				DEBUG_INFORMATION_FORMAT = "dwarf-with-dsym";
				ENABLE_NS_ASSERTIONS = NO;
				ENABLE_STRICT_OBJC_MSGSEND = YES;
				GCC_C_LANGUAGE_STANDARD = gnu11;
				GCC_NO_COMMON_BLOCKS = YES;
				GCC_WARN_64_TO_32_BIT_CONVERSION = YES;
				GCC_WARN_ABOUT_RETURN_TYPE = YES_ERROR;
				GCC_WARN_UNDECLARED_SELECTOR = YES;
				GCC_WARN_UNINITIALIZED_AUTOS = YES_AGGRESSIVE;
				GCC_WARN_UNUSED_FUNCTION = YES;
				GCC_WARN_UNUSED_VARIABLE = YES;
				IPHONEOS_DEPLOYMENT_TARGET = 11.4;
				MTL_ENABLE_DEBUG_INFO = NO;
				SDKROOT = iphoneos;
				SWIFT_COMPILATION_MODE = wholemodule;
				SWIFT_OPTIMIZATION_LEVEL = "-O";
				VALIDATE_PRODUCT = YES;
			};
			name = Release;
		};
		0AD6870820EC0C4F001644B0 /* Debug */ = {
			isa = XCBuildConfiguration;
			buildSettings = {
				ASSETCATALOG_COMPILER_APPICON_NAME = AppIcon;
				CODE_SIGN_STYLE = Automatic;
				INFOPLIST_FILE = MatrixSolver/Info.plist;
				LD_RUNPATH_SEARCH_PATHS = (
					"$(inherited)",
					"@executable_path/Frameworks",
				);
				PRODUCT_BUNDLE_IDENTIFIER = matthewharries.MatrixSolver;
				PRODUCT_NAME = "$(TARGET_NAME)";
				SWIFT_VERSION = 4.0;
				TARGETED_DEVICE_FAMILY = "1,2";
			};
			name = Debug;
		};
		0AD6870920EC0C4F001644B0 /* Release */ = {
			isa = XCBuildConfiguration;
			buildSettings = {
				ASSETCATALOG_COMPILER_APPICON_NAME = AppIcon;
				CODE_SIGN_STYLE = Automatic;
				INFOPLIST_FILE = MatrixSolver/Info.plist;
				LD_RUNPATH_SEARCH_PATHS = (
					"$(inherited)",
					"@executable_path/Frameworks",
				);
				PRODUCT_BUNDLE_IDENTIFIER = matthewharries.MatrixSolver;
				PRODUCT_NAME = "$(TARGET_NAME)";
				SWIFT_VERSION = 4.0;
				TARGETED_DEVICE_FAMILY = "1,2";
			};
			name = Release;
		};
		0AD6870B20EC0C4F001644B0 /* Debug */ = {
			isa = XCBuildConfiguration;
			buildSettings = {
				ALWAYS_EMBED_SWIFT_STANDARD_LIBRARIES = YES;
				BUNDLE_LOADER = "$(TEST_HOST)";
				CODE_SIGN_STYLE = Automatic;
				INFOPLIST_FILE = MatrixSolverTests/Info.plist;
				LD_RUNPATH_SEARCH_PATHS = (
					"$(inherited)",
					"@executable_path/Frameworks",
					"@loader_path/Frameworks",
				);
				PRODUCT_BUNDLE_IDENTIFIER = matthewharries.MatrixSolverTests;
				PRODUCT_NAME = "$(TARGET_NAME)";
				SWIFT_VERSION = 4.0;
				TARGETED_DEVICE_FAMILY = "1,2";
				TEST_HOST = "$(BUILT_PRODUCTS_DIR)/MatrixSolver.app/MatrixSolver";
			};
			name = Debug;
		};
		0AD6870C20EC0C4F001644B0 /* Release */ = {
			isa = XCBuildConfiguration;
			buildSettings = {
				ALWAYS_EMBED_SWIFT_STANDARD_LIBRARIES = YES;
				BUNDLE_LOADER = "$(TEST_HOST)";
				CODE_SIGN_STYLE = Automatic;
				INFOPLIST_FILE = MatrixSolverTests/Info.plist;
				LD_RUNPATH_SEARCH_PATHS = (
					"$(inherited)",
					"@executable_path/Frameworks",
					"@loader_path/Frameworks",
				);
				PRODUCT_BUNDLE_IDENTIFIER = matthewharries.MatrixSolverTests;
				PRODUCT_NAME = "$(TARGET_NAME)";
				SWIFT_VERSION = 4.0;
				TARGETED_DEVICE_FAMILY = "1,2";
				TEST_HOST = "$(BUILT_PRODUCTS_DIR)/MatrixSolver.app/MatrixSolver";
			};
			name = Release;
		};
/* End XCBuildConfiguration section */

/* Begin XCConfigurationList section */
		0AD686E520EC0C4E001644B0 /* Build configuration list for PBXProject "MatrixSolver" */ = {
			isa = XCConfigurationList;
			buildConfigurations = (
				0AD6870520EC0C4F001644B0 /* Debug */,
				0AD6870620EC0C4F001644B0 /* Release */,
			);
			defaultConfigurationIsVisible = 0;
			defaultConfigurationName = Release;
		};
		0AD6870720EC0C4F001644B0 /* Build configuration list for PBXNativeTarget "MatrixSolver" */ = {
			isa = XCConfigurationList;
			buildConfigurations = (
				0AD6870820EC0C4F001644B0 /* Debug */,
				0AD6870920EC0C4F001644B0 /* Release */,
			);
			defaultConfigurationIsVisible = 0;
			defaultConfigurationName = Release;
		};
		0AD6870A20EC0C4F001644B0 /* Build configuration list for PBXNativeTarget "MatrixSolverTests" */ = {
			isa = XCConfigurationList;
			buildConfigurations = (
				0AD6870B20EC0C4F001644B0 /* Debug */,
				0AD6870C20EC0C4F001644B0 /* Release */,
			);
			defaultConfigurationIsVisible = 0;
			defaultConfigurationName = Release;
		};
/* End XCConfigurationList section */
	};
	rootObject = 0AD686E220EC0C4E001644B0 /* Project object */;
}
